
Microsoft Visual Studio Solution File, Format Version 12.00
# Visual Studio Version 17
VisualStudioVersion = 17.0.31903.59
MinimumVisualStudioVersion = 10.0.40219.1
Project("{9A19103F-16F7-4668-BE54-9A1E7A4F7556}") = "Geonorge.Validator.Web", "Geonorge.Validator.Web\Geonorge.Validator.Web.csproj", "{D7820465-965B-471A-BBEC-8F8397541849}"
EndProject
Project("{9A19103F-16F7-4668-BE54-9A1E7A4F7556}") = "Geonorge.Validator.Application", "Geonorge.Validator.Application\Geonorge.Validator.Application.csproj", "{4E22EA38-4780-41B5-AE44-A54432295A04}"
EndProject
Project("{9A19103F-16F7-4668-BE54-9A1E7A4F7556}") = "Geonorge.XsdValidator", "Geonorge.XsdValidator\Geonorge.XsdValidator.csproj", "{A060069C-FC14-43E5-AF13-7A6D2EE6F9A9}"
EndProject
Project("{FAE04EC0-301F-11D3-BF4B-00C04F79EFBC}") = "Geonorge.Validator.Rules.GeoJson", "Geonorge.Validator.Rules.GeoJson\Geonorge.Validator.Rules.GeoJson.csproj", "{899C4A13-8835-46B4-BAAE-BE374568A2A8}"
EndProject
Project("{FAE04EC0-301F-11D3-BF4B-00C04F79EFBC}") = "Geonorge.Validator.GeoJson", "Geonorge.Validator.GeoJson\Geonorge.Validator.GeoJson.csproj", "{D6129B14-62FD-41E0-A711-F07EF484D827}"
EndProject
Global
	GlobalSection(SolutionConfigurationPlatforms) = preSolution
		Debug|Any CPU = Debug|Any CPU
		Release|Any CPU = Release|Any CPU
	EndGlobalSection
	GlobalSection(ProjectConfigurationPlatforms) = postSolution
		{D7820465-965B-471A-BBEC-8F8397541849}.Debug|Any CPU.ActiveCfg = Debug|Any CPU
		{D7820465-965B-471A-BBEC-8F8397541849}.Debug|Any CPU.Build.0 = Debug|Any CPU
		{D7820465-965B-471A-BBEC-8F8397541849}.Release|Any CPU.ActiveCfg = Release|Any CPU
		{D7820465-965B-471A-BBEC-8F8397541849}.Release|Any CPU.Build.0 = Release|Any CPU
		{4E22EA38-4780-41B5-AE44-A54432295A04}.Debug|Any CPU.ActiveCfg = Debug|Any CPU
		{4E22EA38-4780-41B5-AE44-A54432295A04}.Debug|Any CPU.Build.0 = Debug|Any CPU
		{4E22EA38-4780-41B5-AE44-A54432295A04}.Release|Any CPU.ActiveCfg = Release|Any CPU
		{4E22EA38-4780-41B5-AE44-A54432295A04}.Release|Any CPU.Build.0 = Release|Any CPU
		{A060069C-FC14-43E5-AF13-7A6D2EE6F9A9}.Debug|Any CPU.ActiveCfg = Debug|Any CPU
		{A060069C-FC14-43E5-AF13-7A6D2EE6F9A9}.Debug|Any CPU.Build.0 = Debug|Any CPU
		{A060069C-FC14-43E5-AF13-7A6D2EE6F9A9}.Release|Any CPU.ActiveCfg = Release|Any CPU
		{A060069C-FC14-43E5-AF13-7A6D2EE6F9A9}.Release|Any CPU.Build.0 = Release|Any CPU
		{899C4A13-8835-46B4-BAAE-BE374568A2A8}.Debug|Any CPU.ActiveCfg = Debug|Any CPU
		{899C4A13-8835-46B4-BAAE-BE374568A2A8}.Debug|Any CPU.Build.0 = Debug|Any CPU
		{899C4A13-8835-46B4-BAAE-BE374568A2A8}.Release|Any CPU.ActiveCfg = Release|Any CPU
		{899C4A13-8835-46B4-BAAE-BE374568A2A8}.Release|Any CPU.Build.0 = Release|Any CPU
		{D6129B14-62FD-41E0-A711-F07EF484D827}.Debug|Any CPU.ActiveCfg = Debug|Any CPU
		{D6129B14-62FD-41E0-A711-F07EF484D827}.Debug|Any CPU.Build.0 = Debug|Any CPU
		{D6129B14-62FD-41E0-A711-F07EF484D827}.Release|Any CPU.ActiveCfg = Release|Any CPU
		{D6129B14-62FD-41E0-A711-F07EF484D827}.Release|Any CPU.Build.0 = Release|Any CPU
	EndGlobalSection
	GlobalSection(SolutionProperties) = preSolution
		HideSolutionNode = FALSE
	EndGlobalSection
	GlobalSection(ExtensibilityGlobals) = postSolution
		SolutionGuid = {231F1F4E-9B0A-4694-B09D-5B1C8B2A0233}
	EndGlobalSection
EndGlobal
